// !$*UTF8*$!
{
	archiveVersion = 1;
	classes = {
	};
	objectVersion = 46;
	objects = {

/* Begin PBXBuildFile section */
		EEC273121A6480CF0097EE23 /* AppDelegate.swift in Sources */ = {isa = PBXBuildFile; fileRef = EEC273111A6480CF0097EE23 /* AppDelegate.swift */; };
		EEC273191A6480CF0097EE23 /* Images.xcassets in Resources */ = {isa = PBXBuildFile; fileRef = EEC273181A6480CF0097EE23 /* Images.xcassets */; };
		EEC2731C1A6480CF0097EE23 /* LaunchScreen.xib in Resources */ = {isa = PBXBuildFile; fileRef = EEC2731A1A6480CF0097EE23 /* LaunchScreen.xib */; };
		EEC273281A6480D00097EE23 /* TodolistTests.swift in Sources */ = {isa = PBXBuildFile; fileRef = EEC273271A6480D00097EE23 /* TodolistTests.swift */; };
		EEC273331A64837B0097EE23 /* TodosViewController.swift in Sources */ = {isa = PBXBuildFile; fileRef = EEC273321A64837B0097EE23 /* TodosViewController.swift */; };
		F603FDCF428F7FA611E1B660 /* Pods_Todolist.framework in Frameworks */ = {isa = PBXBuildFile; fileRef = BB48B60FE1E8487EFD1F046F /* Pods_Todolist.framework */; settings = {ATTRIBUTES = (Weak, ); }; };
/* End PBXBuildFile section */

/* Begin PBXContainerItemProxy section */
		EEC273221A6480D00097EE23 /* PBXContainerItemProxy */ = {
			isa = PBXContainerItemProxy;
			containerPortal = EEC273041A6480CF0097EE23 /* Project object */;
			proxyType = 1;
			remoteGlobalIDString = EEC2730B1A6480CF0097EE23;
			remoteInfo = Todolist;
		};
/* End PBXContainerItemProxy section */

/* Begin PBXFileReference section */
		52F55EB0C6F2D97D1A35E359 /* Pods-Todolist.debug.xcconfig */ = {isa = PBXFileReference; includeInIndex = 1; lastKnownFileType = text.xcconfig; name = "Pods-Todolist.debug.xcconfig"; path = "Pods/Target Support Files/Pods-Todolist/Pods-Todolist.debug.xcconfig"; sourceTree = "<group>"; };
		BB48B60FE1E8487EFD1F046F /* Pods_Todolist.framework */ = {isa = PBXFileReference; explicitFileType = wrapper.framework; includeInIndex = 0; path = Pods_Todolist.framework; sourceTree = BUILT_PRODUCTS_DIR; };
		EEC2730C1A6480CF0097EE23 /* Todolist.app */ = {isa = PBXFileReference; explicitFileType = wrapper.application; includeInIndex = 0; path = Todolist.app; sourceTree = BUILT_PRODUCTS_DIR; };
		EEC273101A6480CF0097EE23 /* Info.plist */ = {isa = PBXFileReference; lastKnownFileType = text.plist.xml; path = Info.plist; sourceTree = "<group>"; };
		EEC273111A6480CF0097EE23 /* AppDelegate.swift */ = {isa = PBXFileReference; lastKnownFileType = sourcecode.swift; path = AppDelegate.swift; sourceTree = "<group>"; };
		EEC273181A6480CF0097EE23 /* Images.xcassets */ = {isa = PBXFileReference; lastKnownFileType = folder.assetcatalog; path = Images.xcassets; sourceTree = "<group>"; };
		EEC2731B1A6480CF0097EE23 /* Base */ = {isa = PBXFileReference; lastKnownFileType = file.xib; name = Base; path = Base.lproj/LaunchScreen.xib; sourceTree = "<group>"; };
		EEC273211A6480D00097EE23 /* TodolistTests.xctest */ = {isa = PBXFileReference; explicitFileType = wrapper.cfbundle; includeInIndex = 0; path = TodolistTests.xctest; sourceTree = BUILT_PRODUCTS_DIR; };
		EEC273261A6480D00097EE23 /* Info.plist */ = {isa = PBXFileReference; lastKnownFileType = text.plist.xml; path = Info.plist; sourceTree = "<group>"; };
		EEC273271A6480D00097EE23 /* TodolistTests.swift */ = {isa = PBXFileReference; lastKnownFileType = sourcecode.swift; path = TodolistTests.swift; sourceTree = "<group>"; };
		EEC273321A64837B0097EE23 /* TodosViewController.swift */ = {isa = PBXFileReference; fileEncoding = 4; lastKnownFileType = sourcecode.swift; path = TodosViewController.swift; sourceTree = "<group>"; };
		F00C6EB3EE61D47CABFE6B29 /* Pods-Todolist.release.xcconfig */ = {isa = PBXFileReference; includeInIndex = 1; lastKnownFileType = text.xcconfig; name = "Pods-Todolist.release.xcconfig"; path = "Pods/Target Support Files/Pods-Todolist/Pods-Todolist.release.xcconfig"; sourceTree = "<group>"; };
/* End PBXFileReference section */

/* Begin PBXFrameworksBuildPhase section */
		EEC273091A6480CF0097EE23 /* Frameworks */ = {
			isa = PBXFrameworksBuildPhase;
			buildActionMask = 2147483647;
			files = (
				F603FDCF428F7FA611E1B660 /* Pods_Todolist.framework in Frameworks */,
			);
			runOnlyForDeploymentPostprocessing = 0;
		};
		EEC2731E1A6480D00097EE23 /* Frameworks */ = {
			isa = PBXFrameworksBuildPhase;
			buildActionMask = 2147483647;
			files = (
			);
			runOnlyForDeploymentPostprocessing = 0;
		};
/* End PBXFrameworksBuildPhase section */

/* Begin PBXGroup section */
		C07009C5EE09B1E5D0FDAC49 /* Frameworks */ = {
			isa = PBXGroup;
			children = (
				BB48B60FE1E8487EFD1F046F /* Pods_Todolist.framework */,
			);
			name = Frameworks;
			sourceTree = "<group>";
		};
		C099EBD154C402609BFA77B2 /* Pods */ = {
			isa = PBXGroup;
			children = (
				52F55EB0C6F2D97D1A35E359 /* Pods-Todolist.debug.xcconfig */,
				F00C6EB3EE61D47CABFE6B29 /* Pods-Todolist.release.xcconfig */,
			);
			name = Pods;
			sourceTree = "<group>";
		};
		EEC273031A6480CF0097EE23 = {
			isa = PBXGroup;
			children = (
				EEC2730E1A6480CF0097EE23 /* Todolist */,
				EEC273241A6480D00097EE23 /* TodolistTests */,
				EEC2730D1A6480CF0097EE23 /* Products */,
				C099EBD154C402609BFA77B2 /* Pods */,
				C07009C5EE09B1E5D0FDAC49 /* Frameworks */,
			);
			sourceTree = "<group>";
		};
		EEC2730D1A6480CF0097EE23 /* Products */ = {
			isa = PBXGroup;
			children = (
				EEC2730C1A6480CF0097EE23 /* Todolist.app */,
				EEC273211A6480D00097EE23 /* TodolistTests.xctest */,
			);
			name = Products;
			sourceTree = "<group>";
		};
		EEC2730E1A6480CF0097EE23 /* Todolist */ = {
			isa = PBXGroup;
			children = (
				EEC273311A64835D0097EE23 /* ViewControllers */,
				EEC273111A6480CF0097EE23 /* AppDelegate.swift */,
				EEC273181A6480CF0097EE23 /* Images.xcassets */,
				EEC2731A1A6480CF0097EE23 /* LaunchScreen.xib */,
				EEC2730F1A6480CF0097EE23 /* Supporting Files */,
			);
			path = Todolist;
			sourceTree = "<group>";
		};
		EEC2730F1A6480CF0097EE23 /* Supporting Files */ = {
			isa = PBXGroup;
			children = (
				EEC273101A6480CF0097EE23 /* Info.plist */,
			);
			name = "Supporting Files";
			sourceTree = "<group>";
		};
		EEC273241A6480D00097EE23 /* TodolistTests */ = {
			isa = PBXGroup;
			children = (
				EEC273271A6480D00097EE23 /* TodolistTests.swift */,
				EEC273251A6480D00097EE23 /* Supporting Files */,
			);
			path = TodolistTests;
			sourceTree = "<group>";
		};
		EEC273251A6480D00097EE23 /* Supporting Files */ = {
			isa = PBXGroup;
			children = (
				EEC273261A6480D00097EE23 /* Info.plist */,
			);
			name = "Supporting Files";
			sourceTree = "<group>";
		};
		EEC273311A64835D0097EE23 /* ViewControllers */ = {
			isa = PBXGroup;
			children = (
				EEC273321A64837B0097EE23 /* TodosViewController.swift */,
			);
			name = ViewControllers;
			sourceTree = "<group>";
		};
/* End PBXGroup section */

/* Begin PBXNativeTarget section */
		EEC2730B1A6480CF0097EE23 /* Todolist */ = {
			isa = PBXNativeTarget;
			buildConfigurationList = EEC2732B1A6480D00097EE23 /* Build configuration list for PBXNativeTarget "Todolist" */;
			buildPhases = (
				DCDF6452371AC8F9C68E385B /* Check Pods Manifest.lock */,
				EEC273081A6480CF0097EE23 /* Sources */,
				EEC273091A6480CF0097EE23 /* Frameworks */,
				EEC2730A1A6480CF0097EE23 /* Resources */,
				113BA82639CE71E0CB22048E /* Embed Pods Frameworks */,
				D5C175618A56F16CBE0A7F3F /* Copy Pods Resources */,
			);
			buildRules = (
			);
			dependencies = (
			);
			name = Todolist;
			productName = Todolist;
			productReference = EEC2730C1A6480CF0097EE23 /* Todolist.app */;
			productType = "com.apple.product-type.application";
		};
		EEC273201A6480D00097EE23 /* TodolistTests */ = {
			isa = PBXNativeTarget;
			buildConfigurationList = EEC2732E1A6480D00097EE23 /* Build configuration list for PBXNativeTarget "TodolistTests" */;
			buildPhases = (
				EEC2731D1A6480D00097EE23 /* Sources */,
				EEC2731E1A6480D00097EE23 /* Frameworks */,
				EEC2731F1A6480D00097EE23 /* Resources */,
			);
			buildRules = (
			);
			dependencies = (
				EEC273231A6480D00097EE23 /* PBXTargetDependency */,
			);
			name = TodolistTests;
			productName = TodolistTests;
			productReference = EEC273211A6480D00097EE23 /* TodolistTests.xctest */;
			productType = "com.apple.product-type.bundle.unit-test";
		};
/* End PBXNativeTarget section */

/* Begin PBXProject section */
		EEC273041A6480CF0097EE23 /* Project object */ = {
			isa = PBXProject;
			attributes = {
				LastUpgradeCheck = 0610;
				ORGANIZATIONNAME = "Effective Code Ltd";
				TargetAttributes = {
					EEC2730B1A6480CF0097EE23 = {
						CreatedOnToolsVersion = 6.1.1;
					};
					EEC273201A6480D00097EE23 = {
						CreatedOnToolsVersion = 6.1.1;
						TestTargetID = EEC2730B1A6480CF0097EE23;
					};
				};
			};
			buildConfigurationList = EEC273071A6480CF0097EE23 /* Build configuration list for PBXProject "Todolist" */;
			compatibilityVersion = "Xcode 3.2";
			developmentRegion = English;
			hasScannedForEncodings = 0;
			knownRegions = (
				en,
				Base,
			);
			mainGroup = EEC273031A6480CF0097EE23;
			productRefGroup = EEC2730D1A6480CF0097EE23 /* Products */;
			projectDirPath = "";
			projectRoot = "";
			targets = (
				EEC2730B1A6480CF0097EE23 /* Todolist */,
				EEC273201A6480D00097EE23 /* TodolistTests */,
			);
		};
/* End PBXProject section */

/* Begin PBXResourcesBuildPhase section */
		EEC2730A1A6480CF0097EE23 /* Resources */ = {
			isa = PBXResourcesBuildPhase;
			buildActionMask = 2147483647;
			files = (
				EEC2731C1A6480CF0097EE23 /* LaunchScreen.xib in Resources */,
				EEC273191A6480CF0097EE23 /* Images.xcassets in Resources */,
			);
			runOnlyForDeploymentPostprocessing = 0;
		};
		EEC2731F1A6480D00097EE23 /* Resources */ = {
			isa = PBXResourcesBuildPhase;
			buildActionMask = 2147483647;
			files = (
			);
			runOnlyForDeploymentPostprocessing = 0;
		};
/* End PBXResourcesBuildPhase section */

/* Begin PBXShellScriptBuildPhase section */
		113BA82639CE71E0CB22048E /* Embed Pods Frameworks */ = {
			isa = PBXShellScriptBuildPhase;
			buildActionMask = 2147483647;
			files = (
			);
			inputPaths = (
			);
			name = "Embed Pods Frameworks";
			outputPaths = (
			);
			runOnlyForDeploymentPostprocessing = 0;
			shellPath = /bin/sh;
			shellScript = "\"${SRCROOT}/Pods/Target Support Files/Pods-Todolist/Pods-Todolist-frameworks.sh\"\n";
			showEnvVarsInLog = 0;
		};
		D5C175618A56F16CBE0A7F3F /* Copy Pods Resources */ = {
			isa = PBXShellScriptBuildPhase;
			buildActionMask = 2147483647;
			files = (
			);
			inputPaths = (
			);
			name = "Copy Pods Resources";
			outputPaths = (
			);
			runOnlyForDeploymentPostprocessing = 0;
			shellPath = /bin/sh;
			shellScript = "\"${SRCROOT}/Pods/Target Support Files/Pods-Todolist/Pods-Todolist-resources.sh\"\n";
			showEnvVarsInLog = 0;
		};
		DCDF6452371AC8F9C68E385B /* Check Pods Manifest.lock */ = {
			isa = PBXShellScriptBuildPhase;
			buildActionMask = 2147483647;
			files = (
			);
			inputPaths = (
			);
			name = "Check Pods Manifest.lock";
			outputPaths = (
			);
			runOnlyForDeploymentPostprocessing = 0;
			shellPath = /bin/sh;
			shellScript = "diff \"${PODS_ROOT}/../Podfile.lock\" \"${PODS_ROOT}/Manifest.lock\" > /dev/null\nif [[ $? != 0 ]] ; then\n    cat << EOM\nerror: The sandbox is not in sync with the Podfile.lock. Run 'pod install' or update your CocoaPods installation.\nEOM\n    exit 1\nfi\n";
			showEnvVarsInLog = 0;
		};
/* End PBXShellScriptBuildPhase section */

/* Begin PBXSourcesBuildPhase section */
		EEC273081A6480CF0097EE23 /* Sources */ = {
			isa = PBXSourcesBuildPhase;
			buildActionMask = 2147483647;
			files = (
				EEC273331A64837B0097EE23 /* TodosViewController.swift in Sources */,
				EEC273121A6480CF0097EE23 /* AppDelegate.swift in Sources */,
			);
			runOnlyForDeploymentPostprocessing = 0;
		};
		EEC2731D1A6480D00097EE23 /* Sources */ = {
			isa = PBXSourcesBuildPhase;
			buildActionMask = 2147483647;
			files = (
				EEC273281A6480D00097EE23 /* TodolistTests.swift in Sources */,
			);
			runOnlyForDeploymentPostprocessing = 0;
		};
/* End PBXSourcesBuildPhase section */

/* Begin PBXTargetDependency section */
		EEC273231A6480D00097EE23 /* PBXTargetDependency */ = {
			isa = PBXTargetDependency;
			target = EEC2730B1A6480CF0097EE23 /* Todolist */;
			targetProxy = EEC273221A6480D00097EE23 /* PBXContainerItemProxy */;
		};
/* End PBXTargetDependency section */

/* Begin PBXVariantGroup section */
		EEC2731A1A6480CF0097EE23 /* LaunchScreen.xib */ = {
			isa = PBXVariantGroup;
			children = (
				EEC2731B1A6480CF0097EE23 /* Base */,
			);
			name = LaunchScreen.xib;
			sourceTree = "<group>";
		};
/* End PBXVariantGroup section */

/* Begin XCBuildConfiguration section */
		EEC273291A6480D00097EE23 /* Debug */ = {
			isa = XCBuildConfiguration;
			buildSettings = {
				ALWAYS_SEARCH_USER_PATHS = NO;
				CLANG_CXX_LANGUAGE_STANDARD = "gnu++0x";
				CLANG_CXX_LIBRARY = "libc++";
				CLANG_ENABLE_MODULES = YES;
				CLANG_ENABLE_OBJC_ARC = YES;
				CLANG_WARN_BOOL_CONVERSION = YES;
				CLANG_WARN_CONSTANT_CONVERSION = YES;
				CLANG_WARN_DIRECT_OBJC_ISA_USAGE = YES_ERROR;
				CLANG_WARN_EMPTY_BODY = YES;
				CLANG_WARN_ENUM_CONVERSION = YES;
				CLANG_WARN_INT_CONVERSION = YES;
				CLANG_WARN_OBJC_ROOT_CLASS = YES_ERROR;
				CLANG_WARN_UNREACHABLE_CODE = YES;
				CLANG_WARN__DUPLICATE_METHOD_MATCH = YES;
				"CODE_SIGN_IDENTITY[sdk=iphoneos*]" = "iPhone Developer";
				COPY_PHASE_STRIP = NO;
				ENABLE_STRICT_OBJC_MSGSEND = YES;
				GCC_C_LANGUAGE_STANDARD = gnu99;
				GCC_DYNAMIC_NO_PIC = NO;
				GCC_OPTIMIZATION_LEVEL = 0;
				GCC_PREPROCESSOR_DEFINITIONS = (
					"DEBUG=1",
					"$(inherited)",
				);
				GCC_SYMBOLS_PRIVATE_EXTERN = NO;
				GCC_WARN_64_TO_32_BIT_CONVERSION = YES;
				GCC_WARN_ABOUT_RETURN_TYPE = YES_ERROR;
				GCC_WARN_UNDECLARED_SELECTOR = YES;
				GCC_WARN_UNINITIALIZED_AUTOS = YES_AGGRESSIVE;
				GCC_WARN_UNUSED_FUNCTION = YES;
				GCC_WARN_UNUSED_VARIABLE = YES;
				IPHONEOS_DEPLOYMENT_TARGET = 8.1;
				MTL_ENABLE_DEBUG_INFO = YES;
				ONLY_ACTIVE_ARCH = YES;
				SDKROOT = iphoneos;
				SWIFT_OPTIMIZATION_LEVEL = "-Onone";
			};
			name = Debug;
		};
		EEC2732A1A6480D00097EE23 /* Release */ = {
			isa = XCBuildConfiguration;
			buildSettings = {
				ALWAYS_SEARCH_USER_PATHS = NO;
				CLANG_CXX_LANGUAGE_STANDARD = "gnu++0x";
				CLANG_CXX_LIBRARY = "libc++";
				CLANG_ENABLE_MODULES = YES;
				CLANG_ENABLE_OBJC_ARC = YES;
				CLANG_WARN_BOOL_CONVERSION = YES;
				CLANG_WARN_CONSTANT_CONVERSION = YES;
				CLANG_WARN_DIRECT_OBJC_ISA_USAGE = YES_ERROR;
				CLANG_WARN_EMPTY_BODY = YES;
				CLANG_WARN_ENUM_CONVERSION = YES;
				CLANG_WARN_INT_CONVERSION = YES;
				CLANG_WARN_OBJC_ROOT_CLASS = YES_ERROR;
				CLANG_WARN_UNREACHABLE_CODE = YES;
				CLANG_WARN__DUPLICATE_METHOD_MATCH = YES;
				"CODE_SIGN_IDENTITY[sdk=iphoneos*]" = "iPhone Developer";
				COPY_PHASE_STRIP = YES;
				ENABLE_NS_ASSERTIONS = NO;
				ENABLE_STRICT_OBJC_MSGSEND = YES;
				GCC_C_LANGUAGE_STANDARD = gnu99;
				GCC_WARN_64_TO_32_BIT_CONVERSION = YES;
				GCC_WARN_ABOUT_RETURN_TYPE = YES_ERROR;
				GCC_WARN_UNDECLARED_SELECTOR = YES;
				GCC_WARN_UNINITIALIZED_AUTOS = YES_AGGRESSIVE;
				GCC_WARN_UNUSED_FUNCTION = YES;
				GCC_WARN_UNUSED_VARIABLE = YES;
				IPHONEOS_DEPLOYMENT_TARGET = 8.1;
				MTL_ENABLE_DEBUG_INFO = NO;
				SDKROOT = iphoneos;
				VALIDATE_PRODUCT = YES;
			};
			name = Release;
		};
		EEC2732C1A6480D00097EE23 /* Debug */ = {
			isa = XCBuildConfiguration;
			baseConfigurationReference = 52F55EB0C6F2D97D1A35E359 /* Pods-Todolist.debug.xcconfig */;
			buildSettings = {
				ASSETCATALOG_COMPILER_APPICON_NAME = AppIcon;
				INFOPLIST_FILE = Todolist/Info.plist;
				LD_RUNPATH_SEARCH_PATHS = "$(inherited) @executable_path/Frameworks";
				PRODUCT_NAME = "$(TARGET_NAME)";
			};
			name = Debug;
		};
		EEC2732D1A6480D00097EE23 /* Release */ = {
			isa = XCBuildConfiguration;
			baseConfigurationReference = F00C6EB3EE61D47CABFE6B29 /* Pods-Todolist.release.xcconfig */;
			buildSettings = {
				ASSETCATALOG_COMPILER_APPICON_NAME = AppIcon;
				INFOPLIST_FILE = Todolist/Info.plist;
				LD_RUNPATH_SEARCH_PATHS = "$(inherited) @executable_path/Frameworks";
				PRODUCT_NAME = "$(TARGET_NAME)";
			};
			name = Release;
		};
		EEC2732F1A6480D00097EE23 /* Debug */ = {
			isa = XCBuildConfiguration;
			buildSettings = {
				BUNDLE_LOADER = "$(TEST_HOST)";
				FRAMEWORK_SEARCH_PATHS = (
					"$(SDKROOT)/Developer/Library/Frameworks",
					"$(inherited)",
				);
				GCC_PREPROCESSOR_DEFINITIONS = (
					"DEBUG=1",
					"$(inherited)",
				);
				INFOPLIST_FILE = TodolistTests/Info.plist;
				LD_RUNPATH_SEARCH_PATHS = "$(inherited) @executable_path/Frameworks @loader_path/Frameworks";
				PRODUCT_NAME = "$(TARGET_NAME)";
				TEST_HOST = "$(BUILT_PRODUCTS_DIR)/Todolist.app/Todolist";
			};
			name = Debug;
		};
		EEC273301A6480D00097EE23 /* Release */ = {
			isa = XCBuildConfiguration;
			buildSettings = {
				BUNDLE_LOADER = "$(TEST_HOST)";
				FRAMEWORK_SEARCH_PATHS = (
					"$(SDKROOT)/Developer/Library/Frameworks",
					"$(inherited)",
				);
				INFOPLIST_FILE = TodolistTests/Info.plist;
				LD_RUNPATH_SEARCH_PATHS = "$(inherited) @executable_path/Frameworks @loader_path/Frameworks";
				PRODUCT_NAME = "$(TARGET_NAME)";
				TEST_HOST = "$(BUILT_PRODUCTS_DIR)/Todolist.app/Todolist";
			};
			name = Release;
		};
/* End XCBuildConfiguration section */

/* Begin XCConfigurationList section */
		EEC273071A6480CF0097EE23 /* Build configuration list for PBXProject "Todolist" */ = {
			isa = XCConfigurationList;
			buildConfigurations = (
				EEC273291A6480D00097EE23 /* Debug */,
				EEC2732A1A6480D00097EE23 /* Release */,
			);
			defaultConfigurationIsVisible = 0;
			defaultConfigurationName = Release;
		};
		EEC2732B1A6480D00097EE23 /* Build configuration list for PBXNativeTarget "Todolist" */ = {
			isa = XCConfigurationList;
			buildConfigurations = (
				EEC2732C1A6480D00097EE23 /* Debug */,
				EEC2732D1A6480D00097EE23 /* Release */,
			);
			defaultConfigurationIsVisible = 0;
			defaultConfigurationName = Release;
		};
		EEC2732E1A6480D00097EE23 /* Build configuration list for PBXNativeTarget "TodolistTests" */ = {
			isa = XCConfigurationList;
			buildConfigurations = (
				EEC2732F1A6480D00097EE23 /* Debug */,
				EEC273301A6480D00097EE23 /* Release */,
			);
			defaultConfigurationIsVisible = 0;
			defaultConfigurationName = Release;
		};
/* End XCConfigurationList section */
	};
	rootObject = EEC273041A6480CF0097EE23 /* Project object */;
}
